
Microsoft Visual Studio Solution File, Format Version 12.00
# Visual Studio 15
VisualStudioVersion = 15.0.28307.271
MinimumVisualStudioVersion = 10.0.40219.1
Project("{FAE04EC0-301F-11D3-BF4B-00C04F79EFBC}") = "FileData", "FileData\FileData.csproj", "{0C777DF7-CC8E-4AC3-B3DD-075CFBC6C556}"
EndProject
Project("{FAE04EC0-301F-11D3-BF4B-00C04F79EFBC}") = "ThirdPartyTools", "ThirdPartyTools\ThirdPartyTools.csproj", "{16ADD673-64B2-43C8-92D9-EA5F2CC6863F}"
EndProject
Project("{FAE04EC0-301F-11D3-BF4B-00C04F79EFBC}") = "InputValidationTests", "InputValidationTests\InputValidationTests.csproj", "{AB49372D-E41F-4EA1-837B-25EC3483924D}"
EndProject
Project("{FAE04EC0-301F-11D3-BF4B-00C04F79EFBC}") = "InputValidation", "InputValidation\InputValidation.csproj", "{090FBF7E-6906-4B6E-9CB2-56E7C9EFB7C2}"
EndProject
Global
	GlobalSection(SolutionConfigurationPlatforms) = preSolution
		Debug|Any CPU = Debug|Any CPU
		Release|Any CPU = Release|Any CPU
	EndGlobalSection
	GlobalSection(ProjectConfigurationPlatforms) = postSolution
		{0C777DF7-CC8E-4AC3-B3DD-075CFBC6C556}.Debug|Any CPU.ActiveCfg = Debug|Any CPU
		{0C777DF7-CC8E-4AC3-B3DD-075CFBC6C556}.Debug|Any CPU.Build.0 = Debug|Any CPU
		{0C777DF7-CC8E-4AC3-B3DD-075CFBC6C556}.Release|Any CPU.ActiveCfg = Release|Any CPU
		{0C777DF7-CC8E-4AC3-B3DD-075CFBC6C556}.Release|Any CPU.Build.0 = Release|Any CPU
		{16ADD673-64B2-43C8-92D9-EA5F2CC6863F}.Debug|Any CPU.ActiveCfg = Debug|Any CPU
		{16ADD673-64B2-43C8-92D9-EA5F2CC6863F}.Debug|Any CPU.Build.0 = Debug|Any CPU
		{16ADD673-64B2-43C8-92D9-EA5F2CC6863F}.Release|Any CPU.ActiveCfg = Release|Any CPU
		{16ADD673-64B2-43C8-92D9-EA5F2CC6863F}.Release|Any CPU.Build.0 = Release|Any CPU
		{AB49372D-E41F-4EA1-837B-25EC3483924D}.Debug|Any CPU.ActiveCfg = Debug|Any CPU
		{AB49372D-E41F-4EA1-837B-25EC3483924D}.Debug|Any CPU.Build.0 = Debug|Any CPU
		{AB49372D-E41F-4EA1-837B-25EC3483924D}.Release|Any CPU.ActiveCfg = Release|Any CPU
		{AB49372D-E41F-4EA1-837B-25EC3483924D}.Release|Any CPU.Build.0 = Release|Any CPU
		{090FBF7E-6906-4B6E-9CB2-56E7C9EFB7C2}.Debug|Any CPU.ActiveCfg = Debug|Any CPU
		{090FBF7E-6906-4B6E-9CB2-56E7C9EFB7C2}.Debug|Any CPU.Build.0 = Debug|Any CPU
		{090FBF7E-6906-4B6E-9CB2-56E7C9EFB7C2}.Release|Any CPU.ActiveCfg = Release|Any CPU
		{090FBF7E-6906-4B6E-9CB2-56E7C9EFB7C2}.Release|Any CPU.Build.0 = Release|Any CPU
	EndGlobalSection
	GlobalSection(SolutionProperties) = preSolution
		HideSolutionNode = FALSE
	EndGlobalSection
	GlobalSection(ExtensibilityGlobals) = postSolution
		SolutionGuid = {C879FCEF-84FC-4346-BAD1-6C1FD34EC70E}
	EndGlobalSection
EndGlobal
